
Microsoft Visual Studio Solution File, Format Version 12.00
# Visual Studio Version 16
VisualStudioVersion = 16.0.29905.134
MinimumVisualStudioVersion = 10.0.40219.1
Project("{FAE04EC0-301F-11D3-BF4B-00C04F79EFBC}") = "PadroesDeProjetosEstrutura", "PadroesDeProjetosEstrutura\PadroesDeProjetosEstrutura.csproj", "{B39B2661-9CC5-41F3-A9CB-43298DDD48C1}"
EndProject
Global
	GlobalSection(SolutionConfigurationPlatforms) = preSolution
		Debug|Any CPU = Debug|Any CPU
		Release|Any CPU = Release|Any CPU
	EndGlobalSection
	GlobalSection(ProjectConfigurationPlatforms) = postSolution
		{B39B2661-9CC5-41F3-A9CB-43298DDD48C1}.Debug|Any CPU.ActiveCfg = Debug|Any CPU
		{B39B2661-9CC5-41F3-A9CB-43298DDD48C1}.Debug|Any CPU.Build.0 = Debug|Any CPU
		{B39B2661-9CC5-41F3-A9CB-43298DDD48C1}.Release|Any CPU.ActiveCfg = Release|Any CPU
		{B39B2661-9CC5-41F3-A9CB-43298DDD48C1}.Release|Any CPU.Build.0 = Release|Any CPU
	EndGlobalSection
	GlobalSection(SolutionProperties) = preSolution
		HideSolutionNode = FALSE
	EndGlobalSection
	GlobalSection(ExtensibilityGlobals) = postSolution
		SolutionGuid = {5FB7F554-C457-46D7-BE31-56A15438E338}
	EndGlobalSection
EndGlobal
